<?xml version="1.0" encoding="utf-8"?>
<Project ToolsVersion="4.0" xmlns="http://schemas.microsoft.com/developer/msbuild/2003">
  <ItemGroup>
    <Filter Include="소스 파일">
      <UniqueIdentifier>{4FC737F1-C7A5-4376-A066-2A32D752A2FF}</UniqueIdentifier>
      <Extensions>cpp;c;cc;cxx;def;odl;idl;hpj;bat;asm;asmx</Extensions>
    </Filter>
    <Filter Include="헤더 파일">
      <UniqueIdentifier>{93995380-89BD-4b04-88EB-625FBE52EBFB}</UniqueIdentifier>
      <Extensions>h;hh;hpp;hxx;hm;inl;inc;ipp;xsd</Extensions>
    </Filter>
    <Filter Include="리소스 파일">
      <UniqueIdentifier>{67DA6AB6-F800-4c08-8B7A-83BB121AAD01}</UniqueIdentifier>
      <Extensions>rc;ico;cur;bmp;dlg;rc2;rct;bin;rgs;gif;jpg;jpeg;jpe;resx;tiff;tif;png;wav;mfcribbon-ms</Extensions>
    </Filter>
    <Filter Include="소스 파일\모각코 Day 2">
      <UniqueIdentifier>{8da72e45-6586-4183-8713-52e8aa36fa00}</UniqueIdentifier>
    </Filter>
    <Filter Include="소스 파일\모각코 Day 4">
      <UniqueIdentifier>{31b1abef-f392-42a0-a88c-96c965a7ffe5}</UniqueIdentifier>
    </Filter>
    <Filter Include="소스 파일\모각코 Day 3">
      <UniqueIdentifier>{be5871ee-8ec5-479e-a32f-8b25c883f5f8}</UniqueIdentifier>
    </Filter>
    <Filter Include="소스 파일\모각코 Day 1">
      <UniqueIdentifier>{6d77b6d4-593e-4824-ad75-00d0d14375f2}</UniqueIdentifier>
    </Filter>
    <Filter Include="소스 파일\모각코 Day 5">
      <UniqueIdentifier>{bfc2f3da-2eb3-443d-91dd-18cb21002e71}</UniqueIdentifier>
    </Filter>
    <Filter Include="소스 파일\모각코 Day 6">
      <UniqueIdentifier>{49f66738-52ae-46bc-a8a8-a2806594f349}</UniqueIdentifier>
    </Filter>
    <Filter Include="소스 파일\모각코 Day 7">
      <UniqueIdentifier>{f106963c-8d22-4b74-b815-2eb58d6ecdf8}</UniqueIdentifier>
    </Filter>
    <Filter Include="소스 파일\모각코 Day 8">
      <UniqueIdentifier>{c7315395-cd02-4658-9ebb-977f3ef91f54}</UniqueIdentifier>
    </Filter>
    <Filter Include="소스 파일\모각코 Day 9">
      <UniqueIdentifier>{8cd4fa4a-63a9-4dfa-ad03-d0f24671bd69}</UniqueIdentifier>
    </Filter>
    <Filter Include="소스 파일\모각코 Day 10">
      <UniqueIdentifier>{062fb4f7-cfb9-4e4f-a420-85d25988956f}</UniqueIdentifier>
    </Filter>
    <Filter Include="소스 파일\모각코 Day 11">
      <UniqueIdentifier>{b866c131-f0a4-47ad-b383-b63155c9d110}</UniqueIdentifier>
    </Filter>
    <Filter Include="소스 파일\모각코 Day 12">
      <UniqueIdentifier>{34e2440e-8404-4b7f-b854-e6049fababa0}</UniqueIdentifier>
    </Filter>
    <Filter Include="소스 파일\모각코 Day 13">
      <UniqueIdentifier>{e9e3da95-909f-409a-bbe5-14052675291a}</UniqueIdentifier>
    </Filter>
    <Filter Include="소스 파일\모각코 Day 14">
      <UniqueIdentifier>{53455a6a-42fd-4bf5-8041-03a4d5f511fe}</UniqueIdentifier>
    </Filter>
    <Filter Include="소스 파일\모각코 Day 15">
      <UniqueIdentifier>{86063e12-3cf2-46cb-9655-f6ffe9578d16}</UniqueIdentifier>
    </Filter>
  </ItemGroup>
  <ItemGroup>
    <ClCompile Include="모각코1-1.cpp">
      <Filter>소스 파일\모각코 Day 1</Filter>
    </ClCompile>
    <ClCompile Include="모각코1-2.cpp">
      <Filter>소스 파일\모각코 Day 1</Filter>
    </ClCompile>
    <ClCompile Include="모각코2-1.cpp">
      <Filter>소스 파일\모각코 Day 2</Filter>
    </ClCompile>
    <ClCompile Include="모각코2-2.cpp">
      <Filter>소스 파일\모각코 Day 2</Filter>
    </ClCompile>
    <ClCompile Include="모각코3-1.cpp">
      <Filter>소스 파일\모각코 Day 3</Filter>
    </ClCompile>
    <ClCompile Include="모각코3-2.cpp">
      <Filter>소스 파일\모각코 Day 3</Filter>
    </ClCompile>
    <ClCompile Include="모각코4-1.cpp">
      <Filter>소스 파일\모각코 Day 4</Filter>
    </ClCompile>
    <ClCompile Include="모각코4-2.cpp">
      <Filter>소스 파일\모각코 Day 4</Filter>
    </ClCompile>
    <ClCompile Include="모각코5-1.cpp">
      <Filter>소스 파일\모각코 Day 5</Filter>
    </ClCompile>
    <ClCompile Include="모각코5-2.cpp">
      <Filter>소스 파일\모각코 Day 5</Filter>
    </ClCompile>
    <ClCompile Include="모각코6-1.cpp">
      <Filter>소스 파일\모각코 Day 6</Filter>
    </ClCompile>
    <ClCompile Include="모각코6-2.cpp">
      <Filter>소스 파일\모각코 Day 6</Filter>
    </ClCompile>
    <ClCompile Include="모각코7-1.cpp">
      <Filter>소스 파일\모각코 Day 7</Filter>
    </ClCompile>
    <ClCompile Include="모각코7-2.cpp">
      <Filter>소스 파일\모각코 Day 7</Filter>
    </ClCompile>
    <ClCompile Include="모각코8-1.cpp">
      <Filter>소스 파일\모각코 Day 8</Filter>
    </ClCompile>
    <ClCompile Include="모각코8-2.cpp">
      <Filter>소스 파일\모각코 Day 8</Filter>
    </ClCompile>
    <ClCompile Include="모각코9-1.cpp">
      <Filter>소스 파일\모각코 Day 9</Filter>
    </ClCompile>
    <ClCompile Include="모각코9-2.cpp">
      <Filter>소스 파일\모각코 Day 9</Filter>
    </ClCompile>
    <ClCompile Include="모각코10-1.cpp">
      <Filter>소스 파일\모각코 Day 10</Filter>
    </ClCompile>
    <ClCompile Include="모각코10-2.cpp">
      <Filter>소스 파일\모각코 Day 10</Filter>
    </ClCompile>
    <ClCompile Include="모각코11-1.cpp">
      <Filter>소스 파일\모각코 Day 11</Filter>
    </ClCompile>
    <ClCompile Include="모각코11-2.cpp">
      <Filter>소스 파일\모각코 Day 11</Filter>
    </ClCompile>
    <ClCompile Include="모각코12-1.cpp">
      <Filter>소스 파일\모각코 Day 12</Filter>
    </ClCompile>
    <ClCompile Include="모각코12-2.cpp">
      <Filter>소스 파일\모각코 Day 12</Filter>
    </ClCompile>
    <ClCompile Include="모각코13-1.cpp">
      <Filter>소스 파일\모각코 Day 13</Filter>
    </ClCompile>
    <ClCompile Include="모각코13-2.cpp">
      <Filter>소스 파일\모각코 Day 13</Filter>
    </ClCompile>
    <ClCompile Include="모각코14-1.cpp">
      <Filter>소스 파일\모각코 Day 14</Filter>
    </ClCompile>
    <ClCompile Include="모각코14-2.cpp">
      <Filter>소스 파일\모각코 Day 14</Filter>
    </ClCompile>
    <ClCompile Include="모각코15-1.cpp">
      <Filter>소스 파일\모각코 Day 15</Filter>
    </ClCompile>
    <ClCompile Include="모각코15-2.cpp">
      <Filter>소스 파일\모각코 Day 15</Filter>
    </ClCompile>
  </ItemGroup>
  <ItemGroup>
    <ClInclude Include="resource.h">
      <Filter>헤더 파일</Filter>
    </ClInclude>
  </ItemGroup>
  <ItemGroup>
    <ResourceCompile Include="Community-Mogakko.rc">
      <Filter>리소스 파일</Filter>
    </ResourceCompile>
  </ItemGroup>
</Project>